
Microsoft Visual Studio Solution File, Format Version 12.00
# Visual Studio Version 17
VisualStudioVersion = 17.11.35005.142
MinimumVisualStudioVersion = 10.0.40219.1
Project("{FAE04EC0-301F-11D3-BF4B-00C04F79EFBC}") = "Film_Arsiv_Mini_Uygulama", "Film_Arsiv_Mini_Uygulama\Film_Arsiv_Mini_Uygulama.csproj", "{10006DEB-FFB8-438F-BFBA-56CD45D3A133}"
EndProject
Global
	GlobalSection(SolutionConfigurationPlatforms) = preSolution
		Debug|Any CPU = Debug|Any CPU
		Release|Any CPU = Release|Any CPU
	EndGlobalSection
	GlobalSection(ProjectConfigurationPlatforms) = postSolution
		{10006DEB-FFB8-438F-BFBA-56CD45D3A133}.Debug|Any CPU.ActiveCfg = Debug|Any CPU
		{10006DEB-FFB8-438F-BFBA-56CD45D3A133}.Debug|Any CPU.Build.0 = Debug|Any CPU
		{10006DEB-FFB8-438F-BFBA-56CD45D3A133}.Release|Any CPU.ActiveCfg = Release|Any CPU
		{10006DEB-FFB8-438F-BFBA-56CD45D3A133}.Release|Any CPU.Build.0 = Release|Any CPU
	EndGlobalSection
	GlobalSection(SolutionProperties) = preSolution
		HideSolutionNode = FALSE
	EndGlobalSection
	GlobalSection(ExtensibilityGlobals) = postSolution
		SolutionGuid = {2082172F-AF57-4E50-BA96-F16C407E2B9E}
	EndGlobalSection
EndGlobal
